
Microsoft Visual Studio Solution File, Format Version 12.00
# Visual Studio Version 17
VisualStudioVersion = 17.7.34024.191
MinimumVisualStudioVersion = 10.0.40219.1
Project("{FAE04EC0-301F-11D3-BF4B-00C04F79EFBC}") = "Calculators", "Calculators\Calculators.csproj", "{205E53E4-9188-4EE3-9D1D-1DD763DC483D}"
EndProject
Global
	GlobalSection(SolutionConfigurationPlatforms) = preSolution
		Debug|Any CPU = Debug|Any CPU
		Release|Any CPU = Release|Any CPU
	EndGlobalSection
	GlobalSection(ProjectConfigurationPlatforms) = postSolution
		{205E53E4-9188-4EE3-9D1D-1DD763DC483D}.Debug|Any CPU.ActiveCfg = Debug|Any CPU
		{205E53E4-9188-4EE3-9D1D-1DD763DC483D}.Debug|Any CPU.Build.0 = Debug|Any CPU
		{205E53E4-9188-4EE3-9D1D-1DD763DC483D}.Release|Any CPU.ActiveCfg = Release|Any CPU
		{205E53E4-9188-4EE3-9D1D-1DD763DC483D}.Release|Any CPU.Build.0 = Release|Any CPU
	EndGlobalSection
	GlobalSection(SolutionProperties) = preSolution
		HideSolutionNode = FALSE
	EndGlobalSection
	GlobalSection(ExtensibilityGlobals) = postSolution
		SolutionGuid = {CE9025B2-D5BA-4FC4-9256-B627A21D8238}
	EndGlobalSection
EndGlobal
